
Microsoft Visual Studio Solution File, Format Version 12.00
# Visual Studio Version 17
VisualStudioVersion = 17.0.32112.339
MinimumVisualStudioVersion = 10.0.40219.1
Project("{FAE04EC0-301F-11D3-BF4B-00C04F79EFBC}") = "Okienka", "Okienka\Okienka.csproj", "{E1FF578F-335A-4BF8-ABCD-32826B0B8243}"
EndProject
Global
	GlobalSection(SolutionConfigurationPlatforms) = preSolution
		Debug|Any CPU = Debug|Any CPU
		Release|Any CPU = Release|Any CPU
	EndGlobalSection
	GlobalSection(ProjectConfigurationPlatforms) = postSolution
		{E1FF578F-335A-4BF8-ABCD-32826B0B8243}.Debug|Any CPU.ActiveCfg = Debug|Any CPU
		{E1FF578F-335A-4BF8-ABCD-32826B0B8243}.Debug|Any CPU.Build.0 = Debug|Any CPU
		{E1FF578F-335A-4BF8-ABCD-32826B0B8243}.Release|Any CPU.ActiveCfg = Release|Any CPU
		{E1FF578F-335A-4BF8-ABCD-32826B0B8243}.Release|Any CPU.Build.0 = Release|Any CPU
	EndGlobalSection
	GlobalSection(SolutionProperties) = preSolution
		HideSolutionNode = FALSE
	EndGlobalSection
	GlobalSection(ExtensibilityGlobals) = postSolution
		SolutionGuid = {9C500124-642F-4221-B990-FC494F6B3DDF}
	EndGlobalSection
EndGlobal
